
Microsoft Visual Studio Solution File, Format Version 12.00
# Visual Studio 15
Project("{FAE04EC0-301F-11D3-BF4B-00C04F79EFBC}") = "Assembly-CSharp", "Assembly-CSharp.csproj", "{A42D6E5F-C69C-4FAB-4F39-7D80825B3808}"
EndProject
Global
	GlobalSection(SolutionConfigurationPlatforms) = preSolution
		Debug|Any CPU = Debug|Any CPU
		Release|Any CPU = Release|Any CPU
	EndGlobalSection
	GlobalSection(ProjectConfigurationPlatforms) = postSolution
		{A42D6E5F-C69C-4FAB-4F39-7D80825B3808}.Debug|Any CPU.ActiveCfg = Debug|Any CPU
		{A42D6E5F-C69C-4FAB-4F39-7D80825B3808}.Debug|Any CPU.Build.0 = Debug|Any CPU
		{A42D6E5F-C69C-4FAB-4F39-7D80825B3808}.Release|Any CPU.ActiveCfg = Release|Any CPU
		{A42D6E5F-C69C-4FAB-4F39-7D80825B3808}.Release|Any CPU.Build.0 = Release|Any CPU
	EndGlobalSection
	GlobalSection(SolutionProperties) = preSolution
		HideSolutionNode = FALSE
	EndGlobalSection
EndGlobal
